
Microsoft Visual Studio Solution File, Format Version 11.00
# Visual Studio 2010
Project("{FAE04EC0-301F-11D3-BF4B-00C04F79EFBC}") = "Machine.Specifications.AutoMocking", "Machine.Specifications.AutoMocking\Machine.Specifications.AutoMocking.csproj", "{018BBBCD-B162-47EA-BF1A-03C568EEC7C8}"
EndProject
Project("{FAE04EC0-301F-11D3-BF4B-00C04F79EFBC}") = "Machine.Specifications.AutoMocking.Example", "Machine.Specifications.AutoMocking.Example\Machine.Specifications.AutoMocking.Example.csproj", "{DB028A83-6051-4718-A37D-5CE643BD5BCD}"
EndProject
Project("{FAE04EC0-301F-11D3-BF4B-00C04F79EFBC}") = "Machine.Specifications.AutoMocking.Specs", "Machine.Specifications.AutoMocking.Specs\Machine.Specifications.AutoMocking.Specs.csproj", "{02FC5C15-6549-4A1A-8108-3BDF79033877}"
EndProject
Global
	GlobalSection(SolutionConfigurationPlatforms) = preSolution
		Debug|Any CPU = Debug|Any CPU
		Release|Any CPU = Release|Any CPU
	EndGlobalSection
	GlobalSection(ProjectConfigurationPlatforms) = postSolution
		{018BBBCD-B162-47EA-BF1A-03C568EEC7C8}.Debug|Any CPU.ActiveCfg = Debug|Any CPU
		{018BBBCD-B162-47EA-BF1A-03C568EEC7C8}.Debug|Any CPU.Build.0 = Debug|Any CPU
		{018BBBCD-B162-47EA-BF1A-03C568EEC7C8}.Release|Any CPU.ActiveCfg = Release|Any CPU
		{018BBBCD-B162-47EA-BF1A-03C568EEC7C8}.Release|Any CPU.Build.0 = Release|Any CPU
		{DB028A83-6051-4718-A37D-5CE643BD5BCD}.Debug|Any CPU.ActiveCfg = Debug|Any CPU
		{DB028A83-6051-4718-A37D-5CE643BD5BCD}.Debug|Any CPU.Build.0 = Debug|Any CPU
		{DB028A83-6051-4718-A37D-5CE643BD5BCD}.Release|Any CPU.ActiveCfg = Release|Any CPU
		{DB028A83-6051-4718-A37D-5CE643BD5BCD}.Release|Any CPU.Build.0 = Release|Any CPU
		{02FC5C15-6549-4A1A-8108-3BDF79033877}.Debug|Any CPU.ActiveCfg = Debug|Any CPU
		{02FC5C15-6549-4A1A-8108-3BDF79033877}.Debug|Any CPU.Build.0 = Debug|Any CPU
		{02FC5C15-6549-4A1A-8108-3BDF79033877}.Release|Any CPU.ActiveCfg = Release|Any CPU
		{02FC5C15-6549-4A1A-8108-3BDF79033877}.Release|Any CPU.Build.0 = Release|Any CPU
	EndGlobalSection
	GlobalSection(SolutionProperties) = preSolution
		HideSolutionNode = FALSE
	EndGlobalSection
EndGlobal
